// !$*UTF8*$!
{
	archiveVersion = 1;
	classes = {
	};
	objectVersion = 46;
	objects = {

/* Begin PBXBuildFile section */
		284E90C71D5CB81900B2C7D9 /* Main.storyboard in Resources */ = {isa = PBXBuildFile; fileRef = 284E90C51D5CB81900B2C7D9 /* Main.storyboard */; };
		284E90C91D5CB81900B2C7D9 /* Assets.xcassets in Resources */ = {isa = PBXBuildFile; fileRef = 284E90C81D5CB81900B2C7D9 /* Assets.xcassets */; };
		284E90CC1D5CB81900B2C7D9 /* LaunchScreen.storyboard in Resources */ = {isa = PBXBuildFile; fileRef = 284E90CA1D5CB81900B2C7D9 /* LaunchScreen.storyboard */; };
		284E90DB1D5CB88100B2C7D9 /* AppDelegate.swift in Sources */ = {isa = PBXBuildFile; fileRef = 284E90D41D5CB88100B2C7D9 /* AppDelegate.swift */; };
		284E90DC1D5CB88100B2C7D9 /* ViewController.swift in Sources */ = {isa = PBXBuildFile; fileRef = 284E90D61D5CB88100B2C7D9 /* ViewController.swift */; };
/* End PBXBuildFile section */

/* Begin PBXFileReference section */
		284E90BE1D5CB81900B2C7D9 /* Charts.app */ = {isa = PBXFileReference; explicitFileType = wrapper.application; includeInIndex = 0; path = Charts.app; sourceTree = BUILT_PRODUCTS_DIR; };
		284E90C61D5CB81900B2C7D9 /* Base */ = {isa = PBXFileReference; lastKnownFileType = file.storyboard; name = Base; path = Base.lproj/Main.storyboard; sourceTree = "<group>"; };
		284E90C81D5CB81900B2C7D9 /* Assets.xcassets */ = {isa = PBXFileReference; lastKnownFileType = folder.assetcatalog; name = Assets.xcassets; path = ../Assets.xcassets; sourceTree = "<group>"; };
		284E90CB1D5CB81900B2C7D9 /* Base */ = {isa = PBXFileReference; lastKnownFileType = file.storyboard; name = Base; path = Base.lproj/LaunchScreen.storyboard; sourceTree = "<group>"; };
		284E90CD1D5CB81900B2C7D9 /* Info.plist */ = {isa = PBXFileReference; lastKnownFileType = text.plist.xml; name = Info.plist; path = ../Info.plist; sourceTree = "<group>"; };
		284E90D41D5CB88100B2C7D9 /* AppDelegate.swift */ = {isa = PBXFileReference; fileEncoding = 4; lastKnownFileType = sourcecode.swift; path = AppDelegate.swift; sourceTree = "<group>"; };
		284E90D61D5CB88100B2C7D9 /* ViewController.swift */ = {isa = PBXFileReference; fileEncoding = 4; lastKnownFileType = sourcecode.swift; path = ViewController.swift; sourceTree = "<group>"; };
/* End PBXFileReference section */

/* Begin PBXFrameworksBuildPhase section */
		284E90BB1D5CB81900B2C7D9 /* Frameworks */ = {
			isa = PBXFrameworksBuildPhase;
			buildActionMask = 2147483647;
			files = (
			);
			runOnlyForDeploymentPostprocessing = 0;
		};
/* End PBXFrameworksBuildPhase section */

/* Begin PBXGroup section */
		284E90B51D5CB81900B2C7D9 = {
			isa = PBXGroup;
			children = (
				284E90C01D5CB81900B2C7D9 /* Charts */,
				284E90BF1D5CB81900B2C7D9 /* Products */,
			);
			sourceTree = "<group>";
		};
		284E90BF1D5CB81900B2C7D9 /* Products */ = {
			isa = PBXGroup;
			children = (
				284E90BE1D5CB81900B2C7D9 /* Charts.app */,
			);
			name = Products;
			sourceTree = "<group>";
		};
		284E90C01D5CB81900B2C7D9 /* Charts */ = {
			isa = PBXGroup;
			children = (
				284E90D31D5CB88100B2C7D9 /* Classes */,
				284E90C51D5CB81900B2C7D9 /* Main.storyboard */,
				284E90CA1D5CB81900B2C7D9 /* LaunchScreen.storyboard */,
			);
			path = Charts;
			sourceTree = "<group>";
		};
		284E90D31D5CB88100B2C7D9 /* Classes */ = {
			isa = PBXGroup;
			children = (
				284E90D41D5CB88100B2C7D9 /* AppDelegate.swift */,
				284E90D71D5CB88100B2C7D9 /* Helper */,
				284E90D91D5CB88100B2C7D9 /* Services */,
				284E90D81D5CB88100B2C7D9 /* Models */,
				284E90DA1D5CB88100B2C7D9 /* Views */,
				284E90D51D5CB88100B2C7D9 /* Controllers */,
				284E90DD1D5CB8BC00B2C7D9 /* Supporting Files */,
			);
			path = Classes;
			sourceTree = "<group>";
		};
		284E90D51D5CB88100B2C7D9 /* Controllers */ = {
			isa = PBXGroup;
			children = (
				284E90D61D5CB88100B2C7D9 /* ViewController.swift */,
			);
			path = Controllers;
			sourceTree = "<group>";
		};
		284E90D71D5CB88100B2C7D9 /* Helper */ = {
			isa = PBXGroup;
			children = (
			);
			path = Helper;
			sourceTree = "<group>";
		};
		284E90D81D5CB88100B2C7D9 /* Models */ = {
			isa = PBXGroup;
			children = (
			);
			path = Models;
			sourceTree = "<group>";
		};
		284E90D91D5CB88100B2C7D9 /* Services */ = {
			isa = PBXGroup;
			children = (
			);
			path = Services;
			sourceTree = "<group>";
		};
		284E90DA1D5CB88100B2C7D9 /* Views */ = {
			isa = PBXGroup;
			children = (
			);
			path = Views;
			sourceTree = "<group>";
		};
		284E90DD1D5CB8BC00B2C7D9 /* Supporting Files */ = {
			isa = PBXGroup;
			children = (
				284E90C81D5CB81900B2C7D9 /* Assets.xcassets */,
				284E90CD1D5CB81900B2C7D9 /* Info.plist */,
			);
			name = "Supporting Files";
			sourceTree = "<group>";
		};
/* End PBXGroup section */

/* Begin PBXNativeTarget section */
		284E90BD1D5CB81900B2C7D9 /* Charts */ = {
			isa = PBXNativeTarget;
			buildConfigurationList = 284E90D01D5CB81900B2C7D9 /* Build configuration list for PBXNativeTarget "Charts" */;
			buildPhases = (
				284E90BA1D5CB81900B2C7D9 /* Sources */,
				284E90BB1D5CB81900B2C7D9 /* Frameworks */,
				284E90BC1D5CB81900B2C7D9 /* Resources */,
			);
			buildRules = (
			);
			dependencies = (
			);
			name = Charts;
			productName = Charts;
			productReference = 284E90BE1D5CB81900B2C7D9 /* Charts.app */;
			productType = "com.apple.product-type.application";
		};
/* End PBXNativeTarget section */

/* Begin PBXProject section */
		284E90B61D5CB81900B2C7D9 /* Project object */ = {
			isa = PBXProject;
			attributes = {
				LastSwiftUpdateCheck = 0730;
				LastUpgradeCheck = 0730;
				ORGANIZATIONNAME = THL;
				TargetAttributes = {
					284E90BD1D5CB81900B2C7D9 = {
						CreatedOnToolsVersion = 7.3.1;
					};
				};
			};
			buildConfigurationList = 284E90B91D5CB81900B2C7D9 /* Build configuration list for PBXProject "Charts" */;
			compatibilityVersion = "Xcode 3.2";
			developmentRegion = English;
			hasScannedForEncodings = 0;
			knownRegions = (
				en,
				Base,
			);
			mainGroup = 284E90B51D5CB81900B2C7D9;
			productRefGroup = 284E90BF1D5CB81900B2C7D9 /* Products */;
			projectDirPath = "";
			projectRoot = "";
			targets = (
				284E90BD1D5CB81900B2C7D9 /* Charts */,
			);
		};
/* End PBXProject section */

/* Begin PBXResourcesBuildPhase section */
		284E90BC1D5CB81900B2C7D9 /* Resources */ = {
			isa = PBXResourcesBuildPhase;
			buildActionMask = 2147483647;
			files = (
				284E90CC1D5CB81900B2C7D9 /* LaunchScreen.storyboard in Resources */,
				284E90C91D5CB81900B2C7D9 /* Assets.xcassets in Resources */,
				284E90C71D5CB81900B2C7D9 /* Main.storyboard in Resources */,
			);
			runOnlyForDeploymentPostprocessing = 0;
		};
/* End PBXResourcesBuildPhase section */

/* Begin PBXSourcesBuildPhase section */
		284E90BA1D5CB81900B2C7D9 /* Sources */ = {
			isa = PBXSourcesBuildPhase;
			buildActionMask = 2147483647;
			files = (
				284E90DC1D5CB88100B2C7D9 /* ViewController.swift in Sources */,
				284E90DB1D5CB88100B2C7D9 /* AppDelegate.swift in Sources */,
			);
			runOnlyForDeploymentPostprocessing = 0;
		};
/* End PBXSourcesBuildPhase section */

/* Begin PBXVariantGroup section */
		284E90C51D5CB81900B2C7D9 /* Main.storyboard */ = {
			isa = PBXVariantGroup;
			children = (
				284E90C61D5CB81900B2C7D9 /* Base */,
			);
			name = Main.storyboard;
			sourceTree = "<group>";
		};
		284E90CA1D5CB81900B2C7D9 /* LaunchScreen.storyboard */ = {
			isa = PBXVariantGroup;
			children = (
				284E90CB1D5CB81900B2C7D9 /* Base */,
			);
			name = LaunchScreen.storyboard;
			sourceTree = "<group>";
		};
/* End PBXVariantGroup section */

/* Begin XCBuildConfiguration section */
		284E90CE1D5CB81900B2C7D9 /* Debug */ = {
			isa = XCBuildConfiguration;
			buildSettings = {
				ALWAYS_SEARCH_USER_PATHS = NO;
				CLANG_ANALYZER_NONNULL = YES;
				CLANG_CXX_LANGUAGE_STANDARD = "gnu++0x";
				CLANG_CXX_LIBRARY = "libc++";
				CLANG_ENABLE_MODULES = YES;
				CLANG_ENABLE_OBJC_ARC = YES;
				CLANG_WARN_BOOL_CONVERSION = YES;
				CLANG_WARN_CONSTANT_CONVERSION = YES;
				CLANG_WARN_DIRECT_OBJC_ISA_USAGE = YES_ERROR;
				CLANG_WARN_EMPTY_BODY = YES;
				CLANG_WARN_ENUM_CONVERSION = YES;
				CLANG_WARN_INT_CONVERSION = YES;
				CLANG_WARN_OBJC_ROOT_CLASS = YES_ERROR;
				CLANG_WARN_UNREACHABLE_CODE = YES;
				CLANG_WARN__DUPLICATE_METHOD_MATCH = YES;
				"CODE_SIGN_IDENTITY[sdk=iphoneos*]" = "iPhone Developer";
				COPY_PHASE_STRIP = NO;
				DEBUG_INFORMATION_FORMAT = dwarf;
				ENABLE_STRICT_OBJC_MSGSEND = YES;
				ENABLE_TESTABILITY = YES;
				GCC_C_LANGUAGE_STANDARD = gnu99;
				GCC_DYNAMIC_NO_PIC = NO;
				GCC_NO_COMMON_BLOCKS = YES;
				GCC_OPTIMIZATION_LEVEL = 0;
				GCC_PREPROCESSOR_DEFINITIONS = (
					"DEBUG=1",
					"$(inherited)",
				);
				GCC_WARN_64_TO_32_BIT_CONVERSION = YES;
				GCC_WARN_ABOUT_RETURN_TYPE = YES_ERROR;
				GCC_WARN_UNDECLARED_SELECTOR = YES;
				GCC_WARN_UNINITIALIZED_AUTOS = YES_AGGRESSIVE;
				GCC_WARN_UNUSED_FUNCTION = YES;
				GCC_WARN_UNUSED_VARIABLE = YES;
				IPHONEOS_DEPLOYMENT_TARGET = 9.3;
				MTL_ENABLE_DEBUG_INFO = YES;
				ONLY_ACTIVE_ARCH = YES;
				SDKROOT = iphoneos;
				SWIFT_OPTIMIZATION_LEVEL = "-Onone";
			};
			name = Debug;
		};
		284E90CF1D5CB81900B2C7D9 /* Release */ = {
			isa = XCBuildConfiguration;
			buildSettings = {
				ALWAYS_SEARCH_USER_PATHS = NO;
				CLANG_ANALYZER_NONNULL = YES;
				CLANG_CXX_LANGUAGE_STANDARD = "gnu++0x";
				CLANG_CXX_LIBRARY = "libc++";
				CLANG_ENABLE_MODULES = YES;
				CLANG_ENABLE_OBJC_ARC = YES;
				CLANG_WARN_BOOL_CONVERSION = YES;
				CLANG_WARN_CONSTANT_CONVERSION = YES;
				CLANG_WARN_DIRECT_OBJC_ISA_USAGE = YES_ERROR;
				CLANG_WARN_EMPTY_BODY = YES;
				CLANG_WARN_ENUM_CONVERSION = YES;
				CLANG_WARN_INT_CONVERSION = YES;
				CLANG_WARN_OBJC_ROOT_CLASS = YES_ERROR;
				CLANG_WARN_UNREACHABLE_CODE = YES;
				CLANG_WARN__DUPLICATE_METHOD_MATCH = YES;
				"CODE_SIGN_IDENTITY[sdk=iphoneos*]" = "iPhone Developer";
				COPY_PHASE_STRIP = NO;
				DEBUG_INFORMATION_FORMAT = "dwarf-with-dsym";
				ENABLE_NS_ASSERTIONS = NO;
				ENABLE_STRICT_OBJC_MSGSEND = YES;
				GCC_C_LANGUAGE_STANDARD = gnu99;
				GCC_NO_COMMON_BLOCKS = YES;
				GCC_WARN_64_TO_32_BIT_CONVERSION = YES;
				GCC_WARN_ABOUT_RETURN_TYPE = YES_ERROR;
				GCC_WARN_UNDECLARED_SELECTOR = YES;
				GCC_WARN_UNINITIALIZED_AUTOS = YES_AGGRESSIVE;
				GCC_WARN_UNUSED_FUNCTION = YES;
				GCC_WARN_UNUSED_VARIABLE = YES;
				IPHONEOS_DEPLOYMENT_TARGET = 9.3;
				MTL_ENABLE_DEBUG_INFO = NO;
				SDKROOT = iphoneos;
				VALIDATE_PRODUCT = YES;
			};
			name = Release;
		};
		284E90D11D5CB81900B2C7D9 /* Debug */ = {
			isa = XCBuildConfiguration;
			buildSettings = {
				ASSETCATALOG_COMPILER_APPICON_NAME = AppIcon;
				INFOPLIST_FILE = Charts/Info.plist;
				LD_RUNPATH_SEARCH_PATHS = "$(inherited) @executable_path/Frameworks";
				PRODUCT_BUNDLE_IDENTIFIER = com.thl.Charts;
				PRODUCT_NAME = "$(TARGET_NAME)";
			};
			name = Debug;
		};
		284E90D21D5CB81900B2C7D9 /* Release */ = {
			isa = XCBuildConfiguration;
			buildSettings = {
				ASSETCATALOG_COMPILER_APPICON_NAME = AppIcon;
				INFOPLIST_FILE = Charts/Info.plist;
				LD_RUNPATH_SEARCH_PATHS = "$(inherited) @executable_path/Frameworks";
				PRODUCT_BUNDLE_IDENTIFIER = com.thl.Charts;
				PRODUCT_NAME = "$(TARGET_NAME)";
			};
			name = Release;
		};
/* End XCBuildConfiguration section */

/* Begin XCConfigurationList section */
		284E90B91D5CB81900B2C7D9 /* Build configuration list for PBXProject "Charts" */ = {
			isa = XCConfigurationList;
			buildConfigurations = (
				284E90CE1D5CB81900B2C7D9 /* Debug */,
				284E90CF1D5CB81900B2C7D9 /* Release */,
			);
			defaultConfigurationIsVisible = 0;
			defaultConfigurationName = Release;
		};
		284E90D01D5CB81900B2C7D9 /* Build configuration list for PBXNativeTarget "Charts" */ = {
			isa = XCConfigurationList;
			buildConfigurations = (
				284E90D11D5CB81900B2C7D9 /* Debug */,
				284E90D21D5CB81900B2C7D9 /* Release */,
			);
			defaultConfigurationIsVisible = 0;
		};
/* End XCConfigurationList section */
	};
	rootObject = 284E90B61D5CB81900B2C7D9 /* Project object */;
}
